
Microsoft Visual Studio Solution File, Format Version 12.00
# Visual Studio 15
VisualStudioVersion = 15.0.26730.12
MinimumVisualStudioVersion = 10.0.40219.1
Project("{FAE04EC0-301F-11D3-BF4B-00C04F79EFBC}") = "MFL.Core", "MFL.Core\MFL.Core.csproj", "{AB849B0E-BBAA-47E2-939A-E7EB1261DD25}"
EndProject
Project("{FAE04EC0-301F-11D3-BF4B-00C04F79EFBC}") = "MFL.Test", "MFL.Test\MFL.Test.csproj", "{3D30F529-2822-48EF-9D22-67F698FEA5DF}"
EndProject
Global
	GlobalSection(SolutionConfigurationPlatforms) = preSolution
		Debug|Any CPU = Debug|Any CPU
		Release|Any CPU = Release|Any CPU
	EndGlobalSection
	GlobalSection(ProjectConfigurationPlatforms) = postSolution
		{AB849B0E-BBAA-47E2-939A-E7EB1261DD25}.Debug|Any CPU.ActiveCfg = Debug|Any CPU
		{AB849B0E-BBAA-47E2-939A-E7EB1261DD25}.Debug|Any CPU.Build.0 = Debug|Any CPU
		{AB849B0E-BBAA-47E2-939A-E7EB1261DD25}.Release|Any CPU.ActiveCfg = Release|Any CPU
		{AB849B0E-BBAA-47E2-939A-E7EB1261DD25}.Release|Any CPU.Build.0 = Release|Any CPU
		{3D30F529-2822-48EF-9D22-67F698FEA5DF}.Debug|Any CPU.ActiveCfg = Debug|Any CPU
		{3D30F529-2822-48EF-9D22-67F698FEA5DF}.Debug|Any CPU.Build.0 = Debug|Any CPU
		{3D30F529-2822-48EF-9D22-67F698FEA5DF}.Release|Any CPU.ActiveCfg = Release|Any CPU
		{3D30F529-2822-48EF-9D22-67F698FEA5DF}.Release|Any CPU.Build.0 = Release|Any CPU
	EndGlobalSection
	GlobalSection(SolutionProperties) = preSolution
		HideSolutionNode = FALSE
	EndGlobalSection
	GlobalSection(ExtensibilityGlobals) = postSolution
		SolutionGuid = {6E692B1B-0BFF-4441-B16B-0F9AB425CD29}
	EndGlobalSection
EndGlobal
